
Microsoft Visual Studio Solution File, Format Version 12.00
# Visual Studio Version 17
VisualStudioVersion = 17.1.32319.34
MinimumVisualStudioVersion = 10.0.40219.1
Project("{FAE04EC0-301F-11D3-BF4B-00C04F79EFBC}") = "DemeterProject", "DemeterProject\DemeterProject.csproj", "{545B1BE0-3929-4664-BC2F-21A5720EA0CE}"
EndProject
Global
	GlobalSection(SolutionConfigurationPlatforms) = preSolution
		Debug|Any CPU = Debug|Any CPU
		Release|Any CPU = Release|Any CPU
	EndGlobalSection
	GlobalSection(ProjectConfigurationPlatforms) = postSolution
		{545B1BE0-3929-4664-BC2F-21A5720EA0CE}.Debug|Any CPU.ActiveCfg = Debug|Any CPU
		{545B1BE0-3929-4664-BC2F-21A5720EA0CE}.Debug|Any CPU.Build.0 = Debug|Any CPU
		{545B1BE0-3929-4664-BC2F-21A5720EA0CE}.Release|Any CPU.ActiveCfg = Release|Any CPU
		{545B1BE0-3929-4664-BC2F-21A5720EA0CE}.Release|Any CPU.Build.0 = Release|Any CPU
	EndGlobalSection
	GlobalSection(SolutionProperties) = preSolution
		HideSolutionNode = FALSE
	EndGlobalSection
	GlobalSection(ExtensibilityGlobals) = postSolution
		SolutionGuid = {4B65E6B2-98BD-4A22-9158-3C7D8102B108}
	EndGlobalSection
EndGlobal
